Microsoft Visual Studio Solution File, Format Version 11.00
# Visual Studio 2008

Project("{1E1AB5E2-74FA-D5EA-2C67-BF465BCF16FB}") = "Space2", "Assembly-CSharp.csproj", "{721D1D73-BAAD-22A5-A331-34E1B0897E07}"
EndProject
Global
	GlobalSection(SolutionConfigurationPlatforms) = preSolution
		Debug|Any CPU = Debug|Any CPU
		Release|Any CPU = Release|Any CPU
	EndGlobalSection
	GlobalSection(ProjectConfigurationPlatforms) = postSolution
		{721D1D73-BAAD-22A5-A331-34E1B0897E07}.Debug|Any CPU.ActiveCfg = Debug|Any CPU
		{721D1D73-BAAD-22A5-A331-34E1B0897E07}.Debug|Any CPU.Build.0 = Debug|Any CPU
		{721D1D73-BAAD-22A5-A331-34E1B0897E07}.Release|Any CPU.ActiveCfg = Release|Any CPU
		{721D1D73-BAAD-22A5-A331-34E1B0897E07}.Release|Any CPU.Build.0 = Release|Any CPU
	EndGlobalSection
	GlobalSection(SolutionProperties) = preSolution
		HideSolutionNode = FALSE
	EndGlobalSection
	GlobalSection(MonoDevelopProperties) = preSolution
		StartupItem = Assembly-CSharp.csproj
	EndGlobalSection
EndGlobal
