Microsoft Visual Studio Solution File, Format Version 11.00
# Visual Studio 2008

Project("{D511F843-9ECD-E366-4743-7FBBA67A4394}") = "Space", "Assembly-CSharp.csproj", "{C1BF62FA-C5C9-41A2-2CDF-B0DCBC002D60}"
EndProject
Global
	GlobalSection(SolutionConfigurationPlatforms) = preSolution
		Debug|Any CPU = Debug|Any CPU
		Release|Any CPU = Release|Any CPU
	EndGlobalSection
	GlobalSection(ProjectConfigurationPlatforms) = postSolution
		{C1BF62FA-C5C9-41A2-2CDF-B0DCBC002D60}.Debug|Any CPU.ActiveCfg = Debug|Any CPU
		{C1BF62FA-C5C9-41A2-2CDF-B0DCBC002D60}.Debug|Any CPU.Build.0 = Debug|Any CPU
		{C1BF62FA-C5C9-41A2-2CDF-B0DCBC002D60}.Release|Any CPU.ActiveCfg = Release|Any CPU
		{C1BF62FA-C5C9-41A2-2CDF-B0DCBC002D60}.Release|Any CPU.Build.0 = Release|Any CPU
	EndGlobalSection
	GlobalSection(SolutionProperties) = preSolution
		HideSolutionNode = FALSE
	EndGlobalSection
	GlobalSection(MonoDevelopProperties) = preSolution
		StartupItem = Assembly-CSharp.csproj
	EndGlobalSection
EndGlobal
